// !$*UTF8*$!
{
	archiveVersion = 1;
	classes = {
	};
	objectVersion = 56;
	objects = {

/* Begin PBXBuildFile section */
		A10001 /* GuitarPracticeApp.swift in Sources */ = {isa = PBXBuildFile; fileRef = B10001; };
		A10002 /* AppState.swift in Sources */ = {isa = PBXBuildFile; fileRef = B10002; };
		A10003 /* ContentView.swift in Sources */ = {isa = PBXBuildFile; fileRef = B10003; };
		A10004 /* PracticeRoutine.swift in Sources */ = {isa = PBXBuildFile; fileRef = B10004; };
		A10005 /* PracticeSession.swift in Sources */ = {isa = PBXBuildFile; fileRef = B10005; };
		A10006 /* RoutineLoader.swift in Sources */ = {isa = PBXBuildFile; fileRef = B10006; };
		A10007 /* MetronomeEngine.swift in Sources */ = {isa = PBXBuildFile; fileRef = B10007; };
		A10008 /* ClickSoundGenerator.swift in Sources */ = {isa = PBXBuildFile; fileRef = B10008; };
		A10009 /* SoundPlayer.swift in Sources */ = {isa = PBXBuildFile; fileRef = B10009; };
		A10010 /* LibraryView.swift in Sources */ = {isa = PBXBuildFile; fileRef = B10010; };
		A10011 /* LibraryViewModel.swift in Sources */ = {isa = PBXBuildFile; fileRef = B10011; };
		A10012 /* RoutineCardView.swift in Sources */ = {isa = PBXBuildFile; fileRef = B10012; };
		A10013 /* RoutineDetailView.swift in Sources */ = {isa = PBXBuildFile; fileRef = B10013; };
		A10014 /* SessionView.swift in Sources */ = {isa = PBXBuildFile; fileRef = B10014; };
		A10015 /* SessionViewModel.swift in Sources */ = {isa = PBXBuildFile; fileRef = B10015; };
		A10016 /* StepView.swift in Sources */ = {isa = PBXBuildFile; fileRef = B10016; };
		A10017 /* TimerView.swift in Sources */ = {isa = PBXBuildFile; fileRef = B10017; };
		A10018 /* MetronomeIndicatorView.swift in Sources */ = {isa = PBXBuildFile; fileRef = B10018; };
		A10019 /* ProgressBarView.swift in Sources */ = {isa = PBXBuildFile; fileRef = B10019; };
		A10020 /* TransportControlsView.swift in Sources */ = {isa = PBXBuildFile; fileRef = B10020; };
		A10021 /* Theme.swift in Sources */ = {isa = PBXBuildFile; fileRef = B10021; };
		A10029 /* StepListView.swift in Sources */ = {isa = PBXBuildFile; fileRef = B10029; };
		A10030 /* SpeechRecognizer.swift in Sources */ = {isa = PBXBuildFile; fileRef = B10030; };
		A10031 /* ChordLibrary.swift in Sources */ = {isa = PBXBuildFile; fileRef = B10031; };
		A10032 /* ChordDiagramView.swift in Sources */ = {isa = PBXBuildFile; fileRef = B10032; };
		A10033 /* SettingsView.swift in Sources */ = {isa = PBXBuildFile; fileRef = B10033; };
		A10034 /* SessionLog.swift in Sources */ = {isa = PBXBuildFile; fileRef = B10034; };
		A10035 /* SessionLogStore.swift in Sources */ = {isa = PBXBuildFile; fileRef = B10035; };
		A10036 /* SessionLogListView.swift in Sources */ = {isa = PBXBuildFile; fileRef = B10036; };
		A10037 /* SessionLogDetailView.swift in Sources */ = {isa = PBXBuildFile; fileRef = B10037; };
		A10038 /* SessionLogCardView.swift in Sources */ = {isa = PBXBuildFile; fileRef = B10038; };
		A10039 /* TunerEngine.swift in Sources */ = {isa = PBXBuildFile; fileRef = B10039; };
		A10040 /* TunerView.swift in Sources */ = {isa = PBXBuildFile; fileRef = B10040; };
		A10041 /* TunerIndicatorView.swift in Sources */ = {isa = PBXBuildFile; fileRef = B10041; };
		A10022 /* Assets.xcassets in Resources */ = {isa = PBXBuildFile; fileRef = B10022; };
		A10023 /* Preview Assets.xcassets in Resources */ = {isa = PBXBuildFile; fileRef = B10023; };
		A10024 /* beginner-warmup.json in Resources */ = {isa = PBXBuildFile; fileRef = B10024; };
		A10025 /* chord-changes.json in Resources */ = {isa = PBXBuildFile; fileRef = B10025; };
		A10026 /* scale-workout.json in Resources */ = {isa = PBXBuildFile; fileRef = B10026; };
		A10027 /* fingerpicking-patterns.json in Resources */ = {isa = PBXBuildFile; fileRef = B10027; };
		A10028 /* strumming-patterns.json in Resources */ = {isa = PBXBuildFile; fileRef = B10028; };
		A10042 /* chord-shift-workout.json in Resources */ = {isa = PBXBuildFile; fileRef = B10042; };
		A10043 /* ScaleLibrary.swift in Sources */ = {isa = PBXBuildFile; fileRef = B10043; };
		A10044 /* ScaleDiagramView.swift in Sources */ = {isa = PBXBuildFile; fileRef = B10044; };
		A10045 /* major-scale-circle-of-fifths.json in Resources */ = {isa = PBXBuildFile; fileRef = B10045; };
		A10046 /* minor-scale-circle-of-fifths.json in Resources */ = {isa = PBXBuildFile; fileRef = B10046; };
		A10047 /* minor-pentatonic-workout.json in Resources */ = {isa = PBXBuildFile; fileRef = B10047; };
		A10048 /* major-pentatonic-workout.json in Resources */ = {isa = PBXBuildFile; fileRef = B10048; };
		A10049 /* StrumPatternView.swift in Sources */ = {isa = PBXBuildFile; fileRef = B10049; };
		A10050 /* strum-pattern-workout.json in Resources */ = {isa = PBXBuildFile; fileRef = B10050; };
/* End PBXBuildFile section */

/* Begin PBXFileReference section */
		B10001 /* GuitarPracticeApp.swift */ = {isa = PBXFileReference; lastKnownFileType = sourcecode.swift; path = GuitarPracticeApp.swift; sourceTree = "<group>"; };
		B10002 /* AppState.swift */ = {isa = PBXFileReference; lastKnownFileType = sourcecode.swift; path = AppState.swift; sourceTree = "<group>"; };
		B10003 /* ContentView.swift */ = {isa = PBXFileReference; lastKnownFileType = sourcecode.swift; path = ContentView.swift; sourceTree = "<group>"; };
		B10004 /* PracticeRoutine.swift */ = {isa = PBXFileReference; lastKnownFileType = sourcecode.swift; path = PracticeRoutine.swift; sourceTree = "<group>"; };
		B10005 /* PracticeSession.swift */ = {isa = PBXFileReference; lastKnownFileType = sourcecode.swift; path = PracticeSession.swift; sourceTree = "<group>"; };
		B10006 /* RoutineLoader.swift */ = {isa = PBXFileReference; lastKnownFileType = sourcecode.swift; path = RoutineLoader.swift; sourceTree = "<group>"; };
		B10007 /* MetronomeEngine.swift */ = {isa = PBXFileReference; lastKnownFileType = sourcecode.swift; path = MetronomeEngine.swift; sourceTree = "<group>"; };
		B10008 /* ClickSoundGenerator.swift */ = {isa = PBXFileReference; lastKnownFileType = sourcecode.swift; path = ClickSoundGenerator.swift; sourceTree = "<group>"; };
		B10009 /* SoundPlayer.swift */ = {isa = PBXFileReference; lastKnownFileType = sourcecode.swift; path = SoundPlayer.swift; sourceTree = "<group>"; };
		B10010 /* LibraryView.swift */ = {isa = PBXFileReference; lastKnownFileType = sourcecode.swift; path = LibraryView.swift; sourceTree = "<group>"; };
		B10011 /* LibraryViewModel.swift */ = {isa = PBXFileReference; lastKnownFileType = sourcecode.swift; path = LibraryViewModel.swift; sourceTree = "<group>"; };
		B10012 /* RoutineCardView.swift */ = {isa = PBXFileReference; lastKnownFileType = sourcecode.swift; path = RoutineCardView.swift; sourceTree = "<group>"; };
		B10013 /* RoutineDetailView.swift */ = {isa = PBXFileReference; lastKnownFileType = sourcecode.swift; path = RoutineDetailView.swift; sourceTree = "<group>"; };
		B10014 /* SessionView.swift */ = {isa = PBXFileReference; lastKnownFileType = sourcecode.swift; path = SessionView.swift; sourceTree = "<group>"; };
		B10015 /* SessionViewModel.swift */ = {isa = PBXFileReference; lastKnownFileType = sourcecode.swift; path = SessionViewModel.swift; sourceTree = "<group>"; };
		B10016 /* StepView.swift */ = {isa = PBXFileReference; lastKnownFileType = sourcecode.swift; path = StepView.swift; sourceTree = "<group>"; };
		B10017 /* TimerView.swift */ = {isa = PBXFileReference; lastKnownFileType = sourcecode.swift; path = TimerView.swift; sourceTree = "<group>"; };
		B10018 /* MetronomeIndicatorView.swift */ = {isa = PBXFileReference; lastKnownFileType = sourcecode.swift; path = MetronomeIndicatorView.swift; sourceTree = "<group>"; };
		B10019 /* ProgressBarView.swift */ = {isa = PBXFileReference; lastKnownFileType = sourcecode.swift; path = ProgressBarView.swift; sourceTree = "<group>"; };
		B10020 /* TransportControlsView.swift */ = {isa = PBXFileReference; lastKnownFileType = sourcecode.swift; path = TransportControlsView.swift; sourceTree = "<group>"; };
		B10021 /* Theme.swift */ = {isa = PBXFileReference; lastKnownFileType = sourcecode.swift; path = Theme.swift; sourceTree = "<group>"; };
		B10022 /* Assets.xcassets */ = {isa = PBXFileReference; lastKnownFileType = folder.assetcatalog; path = Assets.xcassets; sourceTree = "<group>"; };
		B10023 /* Preview Assets.xcassets */ = {isa = PBXFileReference; lastKnownFileType = folder.assetcatalog; path = "Preview Assets.xcassets"; sourceTree = "<group>"; };
		B10024 /* beginner-warmup.json */ = {isa = PBXFileReference; lastKnownFileType = text.json; path = "beginner-warmup.json"; sourceTree = "<group>"; };
		B10025 /* chord-changes.json */ = {isa = PBXFileReference; lastKnownFileType = text.json; path = "chord-changes.json"; sourceTree = "<group>"; };
		B10026 /* scale-workout.json */ = {isa = PBXFileReference; lastKnownFileType = text.json; path = "scale-workout.json"; sourceTree = "<group>"; };
		B10027 /* fingerpicking-patterns.json */ = {isa = PBXFileReference; lastKnownFileType = text.json; path = "fingerpicking-patterns.json"; sourceTree = "<group>"; };
		B10028 /* strumming-patterns.json */ = {isa = PBXFileReference; lastKnownFileType = text.json; path = "strumming-patterns.json"; sourceTree = "<group>"; };
		B10042 /* chord-shift-workout.json */ = {isa = PBXFileReference; lastKnownFileType = text.json; path = "chord-shift-workout.json"; sourceTree = "<group>"; };
		B10099 /* GuitarPractice.app */ = {isa = PBXFileReference; explicitFileType = wrapper.application; includeInIndex = 0; path = GuitarPractice.app; sourceTree = BUILT_PRODUCTS_DIR; };
		B10029 /* StepListView.swift */ = {isa = PBXFileReference; lastKnownFileType = sourcecode.swift; path = StepListView.swift; sourceTree = "<group>"; };
		B10030 /* SpeechRecognizer.swift */ = {isa = PBXFileReference; lastKnownFileType = sourcecode.swift; path = SpeechRecognizer.swift; sourceTree = "<group>"; };
		B10031 /* ChordLibrary.swift */ = {isa = PBXFileReference; lastKnownFileType = sourcecode.swift; path = ChordLibrary.swift; sourceTree = "<group>"; };
		B10032 /* ChordDiagramView.swift */ = {isa = PBXFileReference; lastKnownFileType = sourcecode.swift; path = ChordDiagramView.swift; sourceTree = "<group>"; };
		B10033 /* SettingsView.swift */ = {isa = PBXFileReference; lastKnownFileType = sourcecode.swift; path = SettingsView.swift; sourceTree = "<group>"; };
		B10034 /* SessionLog.swift */ = {isa = PBXFileReference; lastKnownFileType = sourcecode.swift; path = SessionLog.swift; sourceTree = "<group>"; };
		B10035 /* SessionLogStore.swift */ = {isa = PBXFileReference; lastKnownFileType = sourcecode.swift; path = SessionLogStore.swift; sourceTree = "<group>"; };
		B10036 /* SessionLogListView.swift */ = {isa = PBXFileReference; lastKnownFileType = sourcecode.swift; path = SessionLogListView.swift; sourceTree = "<group>"; };
		B10037 /* SessionLogDetailView.swift */ = {isa = PBXFileReference; lastKnownFileType = sourcecode.swift; path = SessionLogDetailView.swift; sourceTree = "<group>"; };
		B10038 /* SessionLogCardView.swift */ = {isa = PBXFileReference; lastKnownFileType = sourcecode.swift; path = SessionLogCardView.swift; sourceTree = "<group>"; };
		B10039 /* TunerEngine.swift */ = {isa = PBXFileReference; lastKnownFileType = sourcecode.swift; path = TunerEngine.swift; sourceTree = "<group>"; };
		B10040 /* TunerView.swift */ = {isa = PBXFileReference; lastKnownFileType = sourcecode.swift; path = TunerView.swift; sourceTree = "<group>"; };
		B10041 /* TunerIndicatorView.swift */ = {isa = PBXFileReference; lastKnownFileType = sourcecode.swift; path = TunerIndicatorView.swift; sourceTree = "<group>"; };
		B10100 /* GuitarPractice.entitlements */ = {isa = PBXFileReference; lastKnownFileType = text.plist.entitlements; path = GuitarPractice.entitlements; sourceTree = "<group>"; };
		B10043 /* ScaleLibrary.swift */ = {isa = PBXFileReference; lastKnownFileType = sourcecode.swift; path = ScaleLibrary.swift; sourceTree = "<group>"; };
		B10044 /* ScaleDiagramView.swift */ = {isa = PBXFileReference; lastKnownFileType = sourcecode.swift; path = ScaleDiagramView.swift; sourceTree = "<group>"; };
		B10045 /* major-scale-circle-of-fifths.json */ = {isa = PBXFileReference; lastKnownFileType = text.json; path = "major-scale-circle-of-fifths.json"; sourceTree = "<group>"; };
		B10046 /* minor-scale-circle-of-fifths.json */ = {isa = PBXFileReference; lastKnownFileType = text.json; path = "minor-scale-circle-of-fifths.json"; sourceTree = "<group>"; };
		B10047 /* minor-pentatonic-workout.json */ = {isa = PBXFileReference; lastKnownFileType = text.json; path = "minor-pentatonic-workout.json"; sourceTree = "<group>"; };
		B10048 /* major-pentatonic-workout.json */ = {isa = PBXFileReference; lastKnownFileType = text.json; path = "major-pentatonic-workout.json"; sourceTree = "<group>"; };
		B10049 /* StrumPatternView.swift */ = {isa = PBXFileReference; lastKnownFileType = sourcecode.swift; path = StrumPatternView.swift; sourceTree = "<group>"; };
		B10050 /* strum-pattern-workout.json */ = {isa = PBXFileReference; lastKnownFileType = text.json; path = "strum-pattern-workout.json"; sourceTree = "<group>"; };
/* End PBXFileReference section */

/* Begin PBXFrameworksBuildPhase section */
		C10001 /* Frameworks */ = {
			isa = PBXFrameworksBuildPhase;
			buildActionMask = 2147483647;
			files = (
			);
			runOnlyForDeploymentPostprocessing = 0;
		};
/* End PBXFrameworksBuildPhase section */

/* Begin PBXGroup section */
		G10001 = {
			isa = PBXGroup;
			children = (
				G10002 /* GuitarPractice */,
				G10099 /* Products */,
			);
			sourceTree = "<group>";
		};
		G10002 /* GuitarPractice */ = {
			isa = PBXGroup;
			children = (
				G10003 /* App */,
				G10004 /* Domain */,
				G10007 /* Audio */,
				G10008 /* UI */,
				G10013 /* Resources */,
				G10015 /* Preview Content */,
				B10100 /* GuitarPractice.entitlements */,
			);
			path = GuitarPractice;
			sourceTree = "<group>";
		};
		G10003 /* App */ = {
			isa = PBXGroup;
			children = (
				B10001 /* GuitarPracticeApp.swift */,
				B10002 /* AppState.swift */,
				B10003 /* ContentView.swift */,
			);
			path = App;
			sourceTree = "<group>";
		};
		G10004 /* Domain */ = {
			isa = PBXGroup;
			children = (
				G10005 /* Models */,
				G10006 /* Services */,
			);
			path = Domain;
			sourceTree = "<group>";
		};
		G10005 /* Models */ = {
			isa = PBXGroup;
			children = (
				B10004 /* PracticeRoutine.swift */,
				B10005 /* PracticeSession.swift */,
				B10031 /* ChordLibrary.swift */,
				B10043 /* ScaleLibrary.swift */,
				B10034 /* SessionLog.swift */,
			);
			path = Models;
			sourceTree = "<group>";
		};
		G10006 /* Services */ = {
			isa = PBXGroup;
			children = (
				B10006 /* RoutineLoader.swift */,
				B10035 /* SessionLogStore.swift */,
			);
			path = Services;
			sourceTree = "<group>";
		};
		G10007 /* Audio */ = {
			isa = PBXGroup;
			children = (
				B10007 /* MetronomeEngine.swift */,
				B10008 /* ClickSoundGenerator.swift */,
				B10009 /* SoundPlayer.swift */,
				B10030 /* SpeechRecognizer.swift */,
				B10039 /* TunerEngine.swift */,
			);
			path = Audio;
			sourceTree = "<group>";
		};
		G10008 /* UI */ = {
			isa = PBXGroup;
			children = (
				G10009 /* Library */,
				G10010 /* Session */,
				G10017 /* History */,
				G10018 /* Tuner */,
				G10016 /* Settings */,
				G10011 /* Shared */,
			);
			path = UI;
			sourceTree = "<group>";
		};
		G10009 /* Library */ = {
			isa = PBXGroup;
			children = (
				B10010 /* LibraryView.swift */,
				B10011 /* LibraryViewModel.swift */,
				B10012 /* RoutineCardView.swift */,
				B10013 /* RoutineDetailView.swift */,
			);
			path = Library;
			sourceTree = "<group>";
		};
		G10010 /* Session */ = {
			isa = PBXGroup;
			children = (
				B10014 /* SessionView.swift */,
				B10015 /* SessionViewModel.swift */,
				B10016 /* StepView.swift */,
				B10029 /* StepListView.swift */,
				B10017 /* TimerView.swift */,
				B10018 /* MetronomeIndicatorView.swift */,
				B10019 /* ProgressBarView.swift */,
				B10020 /* TransportControlsView.swift */,
			);
			path = Session;
			sourceTree = "<group>";
		};
		G10011 /* Shared */ = {
			isa = PBXGroup;
			children = (
				B10021 /* Theme.swift */,
				B10032 /* ChordDiagramView.swift */,
				B10044 /* ScaleDiagramView.swift */,
				B10049 /* StrumPatternView.swift */,
			);
			path = Shared;
			sourceTree = "<group>";
		};
		G10016 /* Settings */ = {
			isa = PBXGroup;
			children = (
				B10033 /* SettingsView.swift */,
			);
			path = Settings;
			sourceTree = "<group>";
		};
		G10018 /* Tuner */ = {
			isa = PBXGroup;
			children = (
				B10040 /* TunerView.swift */,
				B10041 /* TunerIndicatorView.swift */,
			);
			path = Tuner;
			sourceTree = "<group>";
		};
		G10017 /* History */ = {
			isa = PBXGroup;
			children = (
				B10036 /* SessionLogListView.swift */,
				B10037 /* SessionLogDetailView.swift */,
				B10038 /* SessionLogCardView.swift */,
			);
			path = History;
			sourceTree = "<group>";
		};
		G10013 /* Resources */ = {
			isa = PBXGroup;
			children = (
				B10022 /* Assets.xcassets */,
				G10014 /* Routines */,
			);
			path = Resources;
			sourceTree = "<group>";
		};
		G10014 /* Routines */ = {
			isa = PBXGroup;
			children = (
				B10024 /* beginner-warmup.json */,
				B10025 /* chord-changes.json */,
				B10026 /* scale-workout.json */,
				B10027 /* fingerpicking-patterns.json */,
				B10028 /* strumming-patterns.json */,
				B10042 /* chord-shift-workout.json */,
				B10045 /* major-scale-circle-of-fifths.json */,
				B10046 /* minor-scale-circle-of-fifths.json */,
				B10047 /* minor-pentatonic-workout.json */,
				B10048 /* major-pentatonic-workout.json */,
				B10050 /* strum-pattern-workout.json */,
			);
			path = Routines;
			sourceTree = "<group>";
		};
		G10015 /* Preview Content */ = {
			isa = PBXGroup;
			children = (
				B10023 /* Preview Assets.xcassets */,
			);
			path = "Preview Content";
			sourceTree = "<group>";
		};
		G10099 /* Products */ = {
			isa = PBXGroup;
			children = (
				B10099 /* GuitarPractice.app */,
			);
			name = Products;
			sourceTree = "<group>";
		};
/* End PBXGroup section */

/* Begin PBXNativeTarget section */
		T10001 /* GuitarPractice */ = {
			isa = PBXNativeTarget;
			buildConfigurationList = X10003;
			buildPhases = (
				S10001 /* Sources */,
				C10001 /* Frameworks */,
				R10001 /* Resources */,
			);
			buildRules = (
			);
			dependencies = (
			);
			name = GuitarPractice;
			productName = GuitarPractice;
			productReference = B10099 /* GuitarPractice.app */;
			productType = "com.apple.product-type.application";
		};
/* End PBXNativeTarget section */

/* Begin PBXProject section */
		P10001 /* Project object */ = {
			isa = PBXProject;
			attributes = {
				BuildIndependentTargetsInParallel = 1;
				LastSwiftUpdateCheck = 1500;
				LastUpgradeCheck = 1500;
				TargetAttributes = {
					T10001 = {
						CreatedOnToolsVersion = 15.0;
					};
				};
			};
			buildConfigurationList = X10001;
			compatibilityVersion = "Xcode 14.0";
			developmentRegion = en;
			hasScannedForEncodings = 0;
			knownRegions = (
				en,
				Base,
			);
			mainGroup = G10001;
			productRefGroup = G10099 /* Products */;
			projectDirPath = "";
			projectRoot = "";
			targets = (
				T10001 /* GuitarPractice */,
			);
		};
/* End PBXProject section */

/* Begin PBXResourcesBuildPhase section */
		R10001 /* Resources */ = {
			isa = PBXResourcesBuildPhase;
			buildActionMask = 2147483647;
			files = (
				A10022 /* Assets.xcassets in Resources */,
				A10023 /* Preview Assets.xcassets in Resources */,
				A10024 /* beginner-warmup.json in Resources */,
				A10025 /* chord-changes.json in Resources */,
				A10026 /* scale-workout.json in Resources */,
				A10027 /* fingerpicking-patterns.json in Resources */,
				A10028 /* strumming-patterns.json in Resources */,
				A10042 /* chord-shift-workout.json in Resources */,
				A10045 /* major-scale-circle-of-fifths.json in Resources */,
				A10046 /* minor-scale-circle-of-fifths.json in Resources */,
				A10047 /* minor-pentatonic-workout.json in Resources */,
				A10048 /* major-pentatonic-workout.json in Resources */,
				A10050 /* strum-pattern-workout.json in Resources */,
			);
			runOnlyForDeploymentPostprocessing = 0;
		};
/* End PBXResourcesBuildPhase section */

/* Begin PBXSourcesBuildPhase section */
		S10001 /* Sources */ = {
			isa = PBXSourcesBuildPhase;
			buildActionMask = 2147483647;
			files = (
				A10001 /* GuitarPracticeApp.swift in Sources */,
				A10002 /* AppState.swift in Sources */,
				A10003 /* ContentView.swift in Sources */,
				A10004 /* PracticeRoutine.swift in Sources */,
				A10005 /* PracticeSession.swift in Sources */,
				A10006 /* RoutineLoader.swift in Sources */,
				A10007 /* MetronomeEngine.swift in Sources */,
				A10008 /* ClickSoundGenerator.swift in Sources */,
				A10009 /* SoundPlayer.swift in Sources */,
				A10010 /* LibraryView.swift in Sources */,
				A10011 /* LibraryViewModel.swift in Sources */,
				A10012 /* RoutineCardView.swift in Sources */,
				A10013 /* RoutineDetailView.swift in Sources */,
				A10014 /* SessionView.swift in Sources */,
				A10015 /* SessionViewModel.swift in Sources */,
				A10016 /* StepView.swift in Sources */,
				A10017 /* TimerView.swift in Sources */,
				A10018 /* MetronomeIndicatorView.swift in Sources */,
				A10019 /* ProgressBarView.swift in Sources */,
				A10020 /* TransportControlsView.swift in Sources */,
				A10021 /* Theme.swift in Sources */,
				A10029 /* StepListView.swift in Sources */,
				A10030 /* SpeechRecognizer.swift in Sources */,
				A10031 /* ChordLibrary.swift in Sources */,
				A10032 /* ChordDiagramView.swift in Sources */,
				A10033 /* SettingsView.swift in Sources */,
				A10034 /* SessionLog.swift in Sources */,
				A10035 /* SessionLogStore.swift in Sources */,
				A10036 /* SessionLogListView.swift in Sources */,
				A10037 /* SessionLogDetailView.swift in Sources */,
				A10038 /* SessionLogCardView.swift in Sources */,
				A10039 /* TunerEngine.swift in Sources */,
				A10040 /* TunerView.swift in Sources */,
				A10041 /* TunerIndicatorView.swift in Sources */,
				A10043 /* ScaleLibrary.swift in Sources */,
				A10044 /* ScaleDiagramView.swift in Sources */,
				A10049 /* StrumPatternView.swift in Sources */,
			);
			runOnlyForDeploymentPostprocessing = 0;
		};
/* End PBXSourcesBuildPhase section */

/* Begin XCBuildConfiguration section */
		D10001 /* Debug */ = {
			isa = XCBuildConfiguration;
			buildSettings = {
				ALWAYS_SEARCH_USER_PATHS = NO;
				ASSETCATALOG_COMPILER_GENERATE_SWIFT_ASSET_SYMBOL_EXTENSIONS = YES;
				CLANG_ANALYZER_NONNULL = YES;
				CLANG_ANALYZER_NUMBER_OBJECT_CONVERSION = YES_AGGRESSIVE;
				CLANG_CXX_LANGUAGE_STANDARD = "gnu++20";
				CLANG_ENABLE_MODULES = YES;
				CLANG_ENABLE_OBJC_ARC = YES;
				CLANG_ENABLE_OBJC_WEAK = YES;
				CLANG_WARN_BLOCK_CAPTURE_AUTORELEASING = YES;
				CLANG_WARN_BOOL_CONVERSION = YES;
				CLANG_WARN_COMMA = YES;
				CLANG_WARN_CONSTANT_CONVERSION = YES;
				CLANG_WARN_DEPRECATED_OBJC_IMPLEMENTATIONS = YES;
				CLANG_WARN_DIRECT_OBJC_ISA_USAGE = YES_ERROR;
				CLANG_WARN_DOCUMENTATION_COMMENTS = YES;
				CLANG_WARN_EMPTY_BODY = YES;
				CLANG_WARN_ENUM_CONVERSION = YES;
				CLANG_WARN_INFINITE_RECURSION = YES;
				CLANG_WARN_INT_CONVERSION = YES;
				CLANG_WARN_NON_LITERAL_NULL_CONVERSION = YES;
				CLANG_WARN_OBJC_IMPLICIT_RETAIN_SELF = YES;
				CLANG_WARN_OBJC_LITERAL_CONVERSION = YES;
				CLANG_WARN_OBJC_ROOT_CLASS = YES_ERROR;
				CLANG_WARN_QUOTED_INCLUDE_IN_FRAMEWORK_HEADER = YES;
				CLANG_WARN_RANGE_LOOP_ANALYSIS = YES;
				CLANG_WARN_STRICT_PROTOTYPES = YES;
				CLANG_WARN_SUSPICIOUS_MOVE = YES;
				CLANG_WARN_UNGUARDED_AVAILABILITY = YES_AGGRESSIVE;
				CLANG_WARN_UNREACHABLE_CODE = YES;
				CLANG_WARN__DUPLICATE_METHOD_MATCH = YES;
				COPY_PHASE_STRIP = NO;
				DEBUG_INFORMATION_FORMAT = dwarf;
				ENABLE_STRICT_OBJC_MSGSEND = YES;
				ENABLE_TESTABILITY = YES;
				ENABLE_USER_SCRIPT_SANDBOXING = YES;
				GCC_C_LANGUAGE_STANDARD = gnu17;
				GCC_DYNAMIC_NO_PIC = NO;
				GCC_NO_COMMON_BLOCKS = YES;
				GCC_OPTIMIZATION_LEVEL = 0;
				GCC_PREPROCESSOR_DEFINITIONS = (
					"DEBUG=1",
					"$(inherited)",
				);
				GCC_WARN_64_TO_32_BIT_CONVERSION = YES;
				GCC_WARN_ABOUT_RETURN_TYPE = YES_ERROR;
				GCC_WARN_UNDECLARED_SELECTOR = YES;
				GCC_WARN_UNINITIALIZED_AUTOS = YES_AGGRESSIVE;
				GCC_WARN_UNUSED_FUNCTION = YES;
				GCC_WARN_UNUSED_VARIABLE = YES;
				MACOSX_DEPLOYMENT_TARGET = 14.0;
				MTL_ENABLE_DEBUG_INFO = INCLUDE_SOURCE;
				MTL_FAST_MATH = YES;
				ONLY_ACTIVE_ARCH = YES;
				SDKROOT = macosx;
				SWIFT_ACTIVE_COMPILATION_CONDITIONS = "DEBUG $(inherited)";
				SWIFT_OPTIMIZATION_LEVEL = "-Onone";
			};
			name = Debug;
		};
		D10002 /* Release */ = {
			isa = XCBuildConfiguration;
			buildSettings = {
				ALWAYS_SEARCH_USER_PATHS = NO;
				ASSETCATALOG_COMPILER_GENERATE_SWIFT_ASSET_SYMBOL_EXTENSIONS = YES;
				CLANG_ANALYZER_NONNULL = YES;
				CLANG_ANALYZER_NUMBER_OBJECT_CONVERSION = YES_AGGRESSIVE;
				CLANG_CXX_LANGUAGE_STANDARD = "gnu++20";
				CLANG_ENABLE_MODULES = YES;
				CLANG_ENABLE_OBJC_ARC = YES;
				CLANG_ENABLE_OBJC_WEAK = YES;
				CLANG_WARN_BLOCK_CAPTURE_AUTORELEASING = YES;
				CLANG_WARN_BOOL_CONVERSION = YES;
				CLANG_WARN_COMMA = YES;
				CLANG_WARN_CONSTANT_CONVERSION = YES;
				CLANG_WARN_DEPRECATED_OBJC_IMPLEMENTATIONS = YES;
				CLANG_WARN_DIRECT_OBJC_ISA_USAGE = YES_ERROR;
				CLANG_WARN_DOCUMENTATION_COMMENTS = YES;
				CLANG_WARN_EMPTY_BODY = YES;
				CLANG_WARN_ENUM_CONVERSION = YES;
				CLANG_WARN_INFINITE_RECURSION = YES;
				CLANG_WARN_INT_CONVERSION = YES;
				CLANG_WARN_NON_LITERAL_NULL_CONVERSION = YES;
				CLANG_WARN_OBJC_IMPLICIT_RETAIN_SELF = YES;
				CLANG_WARN_OBJC_LITERAL_CONVERSION = YES;
				CLANG_WARN_OBJC_ROOT_CLASS = YES_ERROR;
				CLANG_WARN_QUOTED_INCLUDE_IN_FRAMEWORK_HEADER = YES;
				CLANG_WARN_RANGE_LOOP_ANALYSIS = YES;
				CLANG_WARN_STRICT_PROTOTYPES = YES;
				CLANG_WARN_SUSPICIOUS_MOVE = YES;
				CLANG_WARN_UNGUARDED_AVAILABILITY = YES_AGGRESSIVE;
				CLANG_WARN_UNREACHABLE_CODE = YES;
				CLANG_WARN__DUPLICATE_METHOD_MATCH = YES;
				COPY_PHASE_STRIP = NO;
				DEBUG_INFORMATION_FORMAT = "dwarf-with-dsym";
				ENABLE_NS_ASSERTIONS = NO;
				ENABLE_STRICT_OBJC_MSGSEND = YES;
				ENABLE_USER_SCRIPT_SANDBOXING = YES;
				GCC_C_LANGUAGE_STANDARD = gnu17;
				GCC_NO_COMMON_BLOCKS = YES;
				GCC_WARN_64_TO_32_BIT_CONVERSION = YES;
				GCC_WARN_ABOUT_RETURN_TYPE = YES_ERROR;
				GCC_WARN_UNDECLARED_SELECTOR = YES;
				GCC_WARN_UNINITIALIZED_AUTOS = YES_AGGRESSIVE;
				GCC_WARN_UNUSED_FUNCTION = YES;
				GCC_WARN_UNUSED_VARIABLE = YES;
				MACOSX_DEPLOYMENT_TARGET = 14.0;
				MTL_ENABLE_DEBUG_INFO = NO;
				MTL_FAST_MATH = YES;
				SDKROOT = macosx;
				SWIFT_COMPILATION_MODE = wholemodule;
			};
			name = Release;
		};
		D10003 /* Debug */ = {
			isa = XCBuildConfiguration;
			buildSettings = {
				ASSETCATALOG_COMPILER_APPICON_NAME = AppIcon;
				ASSETCATALOG_COMPILER_GLOBAL_ACCENT_COLOR_NAME = AccentColor;
				CODE_SIGN_ENTITLEMENTS = GuitarPractice/GuitarPractice.entitlements;
				"CODE_SIGN_IDENTITY[sdk=macosx*]" = "-";
				CODE_SIGN_STYLE = Automatic;
				COMBINE_HIDPI_IMAGES = YES;
				CURRENT_PROJECT_VERSION = 1;
				DEVELOPMENT_ASSET_PATHS = "\"GuitarPractice/Preview Content\"";
				ENABLE_HARDENED_RUNTIME = YES;
				ENABLE_PREVIEWS = YES;
				GENERATE_INFOPLIST_FILE = YES;
				INFOPLIST_KEY_NSHumanReadableCopyright = "";
				INFOPLIST_KEY_NSMicrophoneUsageDescription = "GuitarPractice needs microphone access for voice commands and the chromatic tuner.";
				INFOPLIST_KEY_NSSpeechRecognitionUsageDescription = "GuitarPractice uses speech recognition for hands-free voice commands during practice sessions.";
				LD_RUNPATH_SEARCH_PATHS = (
					"$(inherited)",
					"@executable_path/../Frameworks",
				);
				MARKETING_VERSION = 1.0;
				PRODUCT_BUNDLE_IDENTIFIER = com.guitarpractice.app;
				PRODUCT_NAME = "$(TARGET_NAME)";
				SWIFT_EMIT_LOC_STRINGS = YES;
				SWIFT_VERSION = 5.0;
			};
			name = Debug;
		};
		D10004 /* Release */ = {
			isa = XCBuildConfiguration;
			buildSettings = {
				ASSETCATALOG_COMPILER_APPICON_NAME = AppIcon;
				ASSETCATALOG_COMPILER_GLOBAL_ACCENT_COLOR_NAME = AccentColor;
				CODE_SIGN_ENTITLEMENTS = GuitarPractice/GuitarPractice.entitlements;
				"CODE_SIGN_IDENTITY[sdk=macosx*]" = "-";
				CODE_SIGN_STYLE = Automatic;
				COMBINE_HIDPI_IMAGES = YES;
				CURRENT_PROJECT_VERSION = 1;
				DEVELOPMENT_ASSET_PATHS = "\"GuitarPractice/Preview Content\"";
				ENABLE_HARDENED_RUNTIME = YES;
				ENABLE_PREVIEWS = YES;
				GENERATE_INFOPLIST_FILE = YES;
				INFOPLIST_KEY_NSHumanReadableCopyright = "";
				INFOPLIST_KEY_NSMicrophoneUsageDescription = "GuitarPractice needs microphone access for voice commands and the chromatic tuner.";
				INFOPLIST_KEY_NSSpeechRecognitionUsageDescription = "GuitarPractice uses speech recognition for hands-free voice commands during practice sessions.";
				LD_RUNPATH_SEARCH_PATHS = (
					"$(inherited)",
					"@executable_path/../Frameworks",
				);
				MARKETING_VERSION = 1.0;
				PRODUCT_BUNDLE_IDENTIFIER = com.guitarpractice.app;
				PRODUCT_NAME = "$(TARGET_NAME)";
				SWIFT_EMIT_LOC_STRINGS = YES;
				SWIFT_VERSION = 5.0;
			};
			name = Release;
		};
/* End XCBuildConfiguration section */

/* Begin XCConfigurationList section */
		X10001 /* Build configuration list for PBXProject "GuitarPractice" */ = {
			isa = XCConfigurationList;
			buildConfigurations = (
				D10001 /* Debug */,
				D10002 /* Release */,
			);
			defaultConfigurationIsVisible = 0;
			defaultConfigurationName = Release;
		};
		X10003 /* Build configuration list for PBXNativeTarget "GuitarPractice" */ = {
			isa = XCConfigurationList;
			buildConfigurations = (
				D10003 /* Debug */,
				D10004 /* Release */,
			);
			defaultConfigurationIsVisible = 0;
			defaultConfigurationName = Release;
		};
/* End XCConfigurationList section */

	};
	rootObject = P10001 /* Project object */;
}
